# This file is automatically @generated by Cargo.
# It is not intended for manual editing.
version = 3

[[package]]
name = "kplayer-rust-wrap"
version = "1.5.6"
source = "registry+https://github.com/rust-lang/crates.io-index"
checksum = "2d7796637e37bb5d52bfb0bf072ca59f683241d77d4e905dc6f23f56f15285d1"
dependencies = [
 "protobuf",
]

[[package]]
name = "protobuf"
version = "2.27.1"
source = "registry+https://github.com/rust-lang/crates.io-index"
checksum = "cf7e6d18738ecd0902d30d1ad232c9125985a3422929b16c65517b38adc14f96"

[[package]]
name = "show-image"
version = "0.1.0"
dependencies = [
 "kplayer-rust-wrap",
]
